# This file is automatically @generated by Poetry 2.1.2 and should not be changed by hand.

[[package]]
name = "assetutilities"
version = "0.0.7"
description = "utilities for general use"
optional = false
python-versions = "*"
groups = ["local"]
files = []
develop = true

[package.source]
type = "directory"
url = "../assetutilities"

[extras]
build = []
dev = []

[metadata]
lock-version = "2.1"
python-versions = ">=3.9,<4.0"
content-hash = "3085fb6d78be15c8a7d6bba7546b1d26a810ff1f3f0d0ebe0095db284eefcded"
